{
	"name": "@automattic/calypso-e2e",
	"version": "0.1.0",
	"lockfileVersion": 1,
	"requires": true,
	"dependencies": {
		"@types/config": {
			"version": "0.0.38",
			"resolved": "https://registry.npmjs.org/@types/config/-/config-0.0.38.tgz",
			"integrity": "sha512-z2WizAfIFgSv8SQfQ8c0LlbDAcK47D/o93XW6bxZ9t3bs4fmmfAPjk1nhAIBTG84PBBCHfSPM+8g7vhLdbFokg==",
			"dev": true
		},
		"@types/faker": {
			"version": "5.5.6",
			"resolved": "https://registry.npmjs.org/@types/faker/-/faker-5.5.6.tgz",
			"integrity": "sha512-UCRj0kLg4sXs2XFVm48OU/wIjyJZkpRkwxhRGVQb5l5GmemkeW22WTz9iiDhYPBUqTzDsIWzhFRuF/4DD5+q2Q==",
			"dev": true
		},
		"config": {
			"version": "1.28.0",
			"resolved": "https://registry.npmjs.org/config/-/config-1.28.0.tgz",
			"integrity": "sha1-ZmdABTqBSJkF8mCHyGVjlMGTUH0=",
			"requires": {
				"json5": "0.4.0",
				"os-homedir": "1.0.2"
			}
		},
		"faker": {
			"version": "5.5.3",
			"resolved": "https://registry.npmjs.org/faker/-/faker-5.5.3.tgz",
			"integrity": "sha512-wLTv2a28wjUyWkbnX7u/ABZBkUkIF2fCd73V6P2oFqEGEktDfzWx4UxrSqtPRw0xPRAcjeAOIiJWqZm3pP4u3g==",
			"dev": true
		},
		"json5": {
			"version": "0.4.0",
			"resolved": "https://registry.npmjs.org/json5/-/json5-0.4.0.tgz",
			"integrity": "sha1-BUNS5MTIDIbAkjh31EneF2pzLI0="
		},
		"os-homedir": {
			"version": "1.0.2",
			"resolved": "https://registry.npmjs.org/os-homedir/-/os-homedir-1.0.2.tgz",
			"integrity": "sha1-/7xJiDNuDoM94MFox+8VISGqf7M="
		},
		"sanitize-filename": {
			"version": "1.6.3",
			"resolved": "https://registry.npmjs.org/sanitize-filename/-/sanitize-filename-1.6.3.tgz",
			"integrity": "sha512-y/52Mcy7aw3gRm7IrcGDFx/bCk4AhRh2eI9luHOQM86nZsqwiRkkq2GekHXBBD+SmPidc8i2PqtYZl+pWJ8Oeg==",
			"dev": true,
			"requires": {
				"truncate-utf8-bytes": "^1.0.0"
			}
		},
		"truncate-utf8-bytes": {
			"version": "1.0.2",
			"resolved": "https://registry.npmjs.org/truncate-utf8-bytes/-/truncate-utf8-bytes-1.0.2.tgz",
			"integrity": "sha1-QFkjkJWS1W94pYGENLC3hInKXys=",
			"dev": true,
			"requires": {
				"utf8-byte-length": "^1.0.1"
			}
		},
		"utf8-byte-length": {
			"version": "1.0.4",
			"resolved": "https://registry.npmjs.org/utf8-byte-length/-/utf8-byte-length-1.0.4.tgz",
			"integrity": "sha1-9F8VDExm7uloGGUFq5P8u4rWv2E=",
			"dev": true
		}
	}
}
